
Microsoft Visual Studio Solution File, Format Version 12.00
# Visual Studio Version 17
VisualStudioVersion = 17.5.002.0
MinimumVisualStudioVersion = 10.0.40219.1
Project("{9A19103F-16F7-4668-BE54-9A1E7A4F7556}") = "HotelManagement", "HotelManagement.csproj", "{9C7ECD31-4FC2-40EA-A135-C126D1CDF47F}"
EndProject
Global
	GlobalSection(SolutionConfigurationPlatforms) = preSolution
		Debug|Any CPU = Debug|Any CPU
		Release|Any CPU = Release|Any CPU
	EndGlobalSection
	GlobalSection(ProjectConfigurationPlatforms) = postSolution
		{9C7ECD31-4FC2-40EA-A135-C126D1CDF47F}.Debug|Any CPU.ActiveCfg = Debug|Any CPU
		{9C7ECD31-4FC2-40EA-A135-C126D1CDF47F}.Debug|Any CPU.Build.0 = Debug|Any CPU
		{9C7ECD31-4FC2-40EA-A135-C126D1CDF47F}.Release|Any CPU.ActiveCfg = Release|Any CPU
		{9C7ECD31-4FC2-40EA-A135-C126D1CDF47F}.Release|Any CPU.Build.0 = Release|Any CPU
	EndGlobalSection
	GlobalSection(SolutionProperties) = preSolution
		HideSolutionNode = FALSE
	EndGlobalSection
	GlobalSection(ExtensibilityGlobals) = postSolution
		SolutionGuid = {276E09F5-EAC0-4DAF-BE41-454DCF739188}
	EndGlobalSection
EndGlobal
